
Microsoft Visual Studio Solution File, Format Version 12.00
# Visual Studio Version 17
VisualStudioVersion = 17.7.34221.43
MinimumVisualStudioVersion = 10.0.40219.1
Project("{FAE04EC0-301F-11D3-BF4B-00C04F79EFBC}") = "SimpleCalculator - SpectraAssignement", "SimpleCalculator - SpectraAssignement\SimpleCalculator - SpectraAssignement.csproj", "{8C5C9DED-465F-4F37-8A6A-A21789CE7DEA}"
EndProject
Global
	GlobalSection(SolutionConfigurationPlatforms) = preSolution
		Debug|Any CPU = Debug|Any CPU
		Release|Any CPU = Release|Any CPU
	EndGlobalSection
	GlobalSection(ProjectConfigurationPlatforms) = postSolution
		{8C5C9DED-465F-4F37-8A6A-A21789CE7DEA}.Debug|Any CPU.ActiveCfg = Debug|Any CPU
		{8C5C9DED-465F-4F37-8A6A-A21789CE7DEA}.Debug|Any CPU.Build.0 = Debug|Any CPU
		{8C5C9DED-465F-4F37-8A6A-A21789CE7DEA}.Release|Any CPU.ActiveCfg = Release|Any CPU
		{8C5C9DED-465F-4F37-8A6A-A21789CE7DEA}.Release|Any CPU.Build.0 = Release|Any CPU
	EndGlobalSection
	GlobalSection(SolutionProperties) = preSolution
		HideSolutionNode = FALSE
	EndGlobalSection
	GlobalSection(ExtensibilityGlobals) = postSolution
		SolutionGuid = {74978983-92CD-4F0C-8064-BD74DA386BC9}
	EndGlobalSection
EndGlobal
